// !$*UTF8*$!
{
	archiveVersion = 1;
	classes = {
	};
	objectVersion = 51;
	objects = {

/* Begin PBXBuildFile section */
		1EB70CC91804033B7AF8B14B /* Pods_MarvelApiTest_MarvelApiTestUITests.framework in Frameworks */ = {isa = PBXBuildFile; fileRef = D5A7FD8843F026C2C4DAD0EC /* Pods_MarvelApiTest_MarvelApiTestUITests.framework */; };
		23120D4E77407D094B8B5AC5 /* Pods_MarvelApiTestTests.framework in Frameworks */ = {isa = PBXBuildFile; fileRef = 47DF00D3CDA596F6E22529E4 /* Pods_MarvelApiTestTests.framework */; };
		526D2E1965AB207276188AFA /* Pods_MarvelApiTest.framework in Frameworks */ = {isa = PBXBuildFile; fileRef = 28470965089DBC4B1D9C01FE /* Pods_MarvelApiTest.framework */; };
		E5916752254BEAD20050219F /* CharacterSection.swift in Sources */ = {isa = PBXBuildFile; fileRef = E5916751254BEAD20050219F /* CharacterSection.swift */; };
		E5916757254BEB6A0050219F /* CharacterCell.swift in Sources */ = {isa = PBXBuildFile; fileRef = E5916755254BEB6A0050219F /* CharacterCell.swift */; };
		E5916758254BEB6A0050219F /* CharacterCell.xib in Resources */ = {isa = PBXBuildFile; fileRef = E5916756254BEB6A0050219F /* CharacterCell.xib */; };
		E591675D254BED8C0050219F /* GradientBackgroundView.swift in Sources */ = {isa = PBXBuildFile; fileRef = E591675C254BED8C0050219F /* GradientBackgroundView.swift */; };
		E5916764254BF5510050219F /* UIViewControllerExt.swift in Sources */ = {isa = PBXBuildFile; fileRef = E5916763254BF5510050219F /* UIViewControllerExt.swift */; };
		E591676C254BF6800050219F /* MessageLayer.swift in Sources */ = {isa = PBXBuildFile; fileRef = E591676A254BF6800050219F /* MessageLayer.swift */; };
		E591676D254BF6800050219F /* MessageLayer.xib in Resources */ = {isa = PBXBuildFile; fileRef = E591676B254BF6800050219F /* MessageLayer.xib */; };
		E5916771254BF6CE0050219F /* UIPanGestureRecognizerExt.swift in Sources */ = {isa = PBXBuildFile; fileRef = E5916770254BF6CE0050219F /* UIPanGestureRecognizerExt.swift */; };
		E599748D254A9D86004AF0D9 /* BaseViewModel.swift in Sources */ = {isa = PBXBuildFile; fileRef = E599748C254A9D86004AF0D9 /* BaseViewModel.swift */; };
		E5997494254A9DDE004AF0D9 /* Log.swift in Sources */ = {isa = PBXBuildFile; fileRef = E5997493254A9DDE004AF0D9 /* Log.swift */; };
		E599749A254A9E19004AF0D9 /* BaseView.swift in Sources */ = {isa = PBXBuildFile; fileRef = E5997499254A9E19004AF0D9 /* BaseView.swift */; };
		E599749E254A9E32004AF0D9 /* BaseCoordinator.swift in Sources */ = {isa = PBXBuildFile; fileRef = E599749D254A9E32004AF0D9 /* BaseCoordinator.swift */; };
		E59974A2254A9E48004AF0D9 /* StoryboardInitializable.swift in Sources */ = {isa = PBXBuildFile; fileRef = E59974A1254A9E48004AF0D9 /* StoryboardInitializable.swift */; };
		E59974A6254A9E60004AF0D9 /* BaseViewController.swift in Sources */ = {isa = PBXBuildFile; fileRef = E59974A5254A9E60004AF0D9 /* BaseViewController.swift */; };
		E59974AA254A9EA1004AF0D9 /* BaseNavigationController.swift in Sources */ = {isa = PBXBuildFile; fileRef = E59974A9254A9EA1004AF0D9 /* BaseNavigationController.swift */; };
		E59974B2254A9FD6004AF0D9 /* MainScreenVM.swift in Sources */ = {isa = PBXBuildFile; fileRef = E59974B1254A9FD6004AF0D9 /* MainScreenVM.swift */; };
		E59974B8254A9FDF004AF0D9 /* MainScreenCR.swift in Sources */ = {isa = PBXBuildFile; fileRef = E59974B7254A9FDF004AF0D9 /* MainScreenCR.swift */; };
		E59974BC254A9FE8004AF0D9 /* MainScreenVC.swift in Sources */ = {isa = PBXBuildFile; fileRef = E59974BB254A9FE8004AF0D9 /* MainScreenVC.swift */; };
		E59974C0254A9FF3004AF0D9 /* MainScreenSB.storyboard in Resources */ = {isa = PBXBuildFile; fileRef = E59974BF254A9FF3004AF0D9 /* MainScreenSB.storyboard */; };
		E59974C4254AA100004AF0D9 /* AppCoordinator.swift in Sources */ = {isa = PBXBuildFile; fileRef = E59974C3254AA100004AF0D9 /* AppCoordinator.swift */; };
		E59974C9254AA2F4004AF0D9 /* ApplicationService.swift in Sources */ = {isa = PBXBuildFile; fileRef = E59974C8254AA2F4004AF0D9 /* ApplicationService.swift */; };
		E59974CF254AA30C004AF0D9 /* PluggableApplicationDelegate.swift in Sources */ = {isa = PBXBuildFile; fileRef = E59974CE254AA30C004AF0D9 /* PluggableApplicationDelegate.swift */; };
		E59974D4254AA36B004AF0D9 /* UIApplicationService.swift in Sources */ = {isa = PBXBuildFile; fileRef = E59974D3254AA36B004AF0D9 /* UIApplicationService.swift */; };
		E5997554254ABE9A004AF0D9 /* Keys.plist in Resources */ = {isa = PBXBuildFile; fileRef = E5997553254ABE9A004AF0D9 /* Keys.plist */; };
		E5997558254ABEC1004AF0D9 /* KeyUtil.swift in Sources */ = {isa = PBXBuildFile; fileRef = E5997557254ABEC1004AF0D9 /* KeyUtil.swift */; };
		E59975EF254AFC1A004AF0D9 /* DependenciesApplicationService.swift in Sources */ = {isa = PBXBuildFile; fileRef = E59975EE254AFC1A004AF0D9 /* DependenciesApplicationService.swift */; };
		E5D449BA254A976B00718AEC /* AppDelegate.swift in Sources */ = {isa = PBXBuildFile; fileRef = E5D449B9254A976B00718AEC /* AppDelegate.swift */; };
		E5D449C3254A976C00718AEC /* Assets.xcassets in Resources */ = {isa = PBXBuildFile; fileRef = E5D449C2254A976C00718AEC /* Assets.xcassets */; };
		E5D449C6254A976C00718AEC /* LaunchScreen.storyboard in Resources */ = {isa = PBXBuildFile; fileRef = E5D449C4254A976C00718AEC /* LaunchScreen.storyboard */; };
		E5D449D1254A976C00718AEC /* MarvelApiTestTests.swift in Sources */ = {isa = PBXBuildFile; fileRef = E5D449D0254A976C00718AEC /* MarvelApiTestTests.swift */; };
		E5D449DC254A976C00718AEC /* MarvelApiTestUITests.swift in Sources */ = {isa = PBXBuildFile; fileRef = E5D449DB254A976C00718AEC /* MarvelApiTestUITests.swift */; };
		E5D44A8C254A9A6F00718AEC /* DataLayer.framework in Frameworks */ = {isa = PBXBuildFile; fileRef = E5D44A89254A9A6F00718AEC /* DataLayer.framework */; };
		E5D44A8D254A9A6F00718AEC /* DataLayer.framework in Embed Frameworks */ = {isa = PBXBuildFile; fileRef = E5D44A89254A9A6F00718AEC /* DataLayer.framework */; settings = {ATTRIBUTES = (CodeSignOnCopy, RemoveHeadersOnCopy, ); }; };
		E5D44A8E254A9A6F00718AEC /* DomainLayer.framework in Frameworks */ = {isa = PBXBuildFile; fileRef = E5D44A8A254A9A6F00718AEC /* DomainLayer.framework */; };
		E5D44A8F254A9A6F00718AEC /* DomainLayer.framework in Embed Frameworks */ = {isa = PBXBuildFile; fileRef = E5D44A8A254A9A6F00718AEC /* DomainLayer.framework */; settings = {ATTRIBUTES = (CodeSignOnCopy, RemoveHeadersOnCopy, ); }; };
		E5D44A90254A9A6F00718AEC /* NetworkLayer.framework in Frameworks */ = {isa = PBXBuildFile; fileRef = E5D44A8B254A9A6F00718AEC /* NetworkLayer.framework */; };
		E5D44A91254A9A6F00718AEC /* NetworkLayer.framework in Embed Frameworks */ = {isa = PBXBuildFile; fileRef = E5D44A8B254A9A6F00718AEC /* NetworkLayer.framework */; settings = {ATTRIBUTES = (CodeSignOnCopy, RemoveHeadersOnCopy, ); }; };
/* End PBXBuildFile section */

/* Begin PBXContainerItemProxy section */
		E5D449CD254A976C00718AEC /* PBXContainerItemProxy */ = {
			isa = PBXContainerItemProxy;
			containerPortal = E5D449AE254A976B00718AEC /* Project object */;
			proxyType = 1;
			remoteGlobalIDString = E5D449B5254A976B00718AEC;
			remoteInfo = MarvelApiTest;
		};
		E5D449D8254A976C00718AEC /* PBXContainerItemProxy */ = {
			isa = PBXContainerItemProxy;
			containerPortal = E5D449AE254A976B00718AEC /* Project object */;
			proxyType = 1;
			remoteGlobalIDString = E5D449B5254A976B00718AEC;
			remoteInfo = MarvelApiTest;
		};
/* End PBXContainerItemProxy section */

/* Begin PBXCopyFilesBuildPhase section */
		E5D44A92254A9A6F00718AEC /* Embed Frameworks */ = {
			isa = PBXCopyFilesBuildPhase;
			buildActionMask = 2147483647;
			dstPath = "";
			dstSubfolderSpec = 10;
			files = (
				E5D44A91254A9A6F00718AEC /* NetworkLayer.framework in Embed Frameworks */,
				E5D44A8F254A9A6F00718AEC /* DomainLayer.framework in Embed Frameworks */,
				E5D44A8D254A9A6F00718AEC /* DataLayer.framework in Embed Frameworks */,
			);
			name = "Embed Frameworks";
			runOnlyForDeploymentPostprocessing = 0;
		};
/* End PBXCopyFilesBuildPhase section */

/* Begin PBXFileReference section */
		28470965089DBC4B1D9C01FE /* Pods_MarvelApiTest.framework */ = {isa = PBXFileReference; explicitFileType = wrapper.framework; includeInIndex = 0; path = Pods_MarvelApiTest.framework; sourceTree = BUILT_PRODUCTS_DIR; };
		47DF00D3CDA596F6E22529E4 /* Pods_MarvelApiTestTests.framework */ = {isa = PBXFileReference; explicitFileType = wrapper.framework; includeInIndex = 0; path = Pods_MarvelApiTestTests.framework; sourceTree = BUILT_PRODUCTS_DIR; };
		49745405F1AD9D4D169AF91D /* Pods-MarvelApiTest-MarvelApiTestUITests.release.xcconfig */ = {isa = PBXFileReference; includeInIndex = 1; lastKnownFileType = text.xcconfig; name = "Pods-MarvelApiTest-MarvelApiTestUITests.release.xcconfig"; path = "Target Support Files/Pods-MarvelApiTest-MarvelApiTestUITests/Pods-MarvelApiTest-MarvelApiTestUITests.release.xcconfig"; sourceTree = "<group>"; };
		56BED5A88646097991BA4A5C /* Pods-MarvelApiTest.debug.xcconfig */ = {isa = PBXFileReference; includeInIndex = 1; lastKnownFileType = text.xcconfig; name = "Pods-MarvelApiTest.debug.xcconfig"; path = "Target Support Files/Pods-MarvelApiTest/Pods-MarvelApiTest.debug.xcconfig"; sourceTree = "<group>"; };
		884E302EB090CBD17ED45CA4 /* Pods-MarvelApiTestTests.debug.xcconfig */ = {isa = PBXFileReference; includeInIndex = 1; lastKnownFileType = text.xcconfig; name = "Pods-MarvelApiTestTests.debug.xcconfig"; path = "Target Support Files/Pods-MarvelApiTestTests/Pods-MarvelApiTestTests.debug.xcconfig"; sourceTree = "<group>"; };
		91DF5E1339B693B9C8039D39 /* Pods-MarvelApiTest.release.xcconfig */ = {isa = PBXFileReference; includeInIndex = 1; lastKnownFileType = text.xcconfig; name = "Pods-MarvelApiTest.release.xcconfig"; path = "Target Support Files/Pods-MarvelApiTest/Pods-MarvelApiTest.release.xcconfig"; sourceTree = "<group>"; };
		9C78360176B60EE8B0B43951 /* Pods-MarvelApiTestTests.release.xcconfig */ = {isa = PBXFileReference; includeInIndex = 1; lastKnownFileType = text.xcconfig; name = "Pods-MarvelApiTestTests.release.xcconfig"; path = "Target Support Files/Pods-MarvelApiTestTests/Pods-MarvelApiTestTests.release.xcconfig"; sourceTree = "<group>"; };
		C5AEF6F3198C3CD5714F25C9 /* Pods-MarvelApiTest-MarvelApiTestUITests.debug.xcconfig */ = {isa = PBXFileReference; includeInIndex = 1; lastKnownFileType = text.xcconfig; name = "Pods-MarvelApiTest-MarvelApiTestUITests.debug.xcconfig"; path = "Target Support Files/Pods-MarvelApiTest-MarvelApiTestUITests/Pods-MarvelApiTest-MarvelApiTestUITests.debug.xcconfig"; sourceTree = "<group>"; };
		D5A7FD8843F026C2C4DAD0EC /* Pods_MarvelApiTest_MarvelApiTestUITests.framework */ = {isa = PBXFileReference; explicitFileType = wrapper.framework; includeInIndex = 0; path = Pods_MarvelApiTest_MarvelApiTestUITests.framework; sourceTree = BUILT_PRODUCTS_DIR; };
		E5916751254BEAD20050219F /* CharacterSection.swift */ = {isa = PBXFileReference; lastKnownFileType = sourcecode.swift; path = CharacterSection.swift; sourceTree = "<group>"; };
		E5916755254BEB6A0050219F /* CharacterCell.swift */ = {isa = PBXFileReference; lastKnownFileType = sourcecode.swift; path = CharacterCell.swift; sourceTree = "<group>"; };
		E5916756254BEB6A0050219F /* CharacterCell.xib */ = {isa = PBXFileReference; lastKnownFileType = file.xib; path = CharacterCell.xib; sourceTree = "<group>"; };
		E591675C254BED8C0050219F /* GradientBackgroundView.swift */ = {isa = PBXFileReference; lastKnownFileType = sourcecode.swift; path = GradientBackgroundView.swift; sourceTree = "<group>"; };
		E5916763254BF5510050219F /* UIViewControllerExt.swift */ = {isa = PBXFileReference; lastKnownFileType = sourcecode.swift; path = UIViewControllerExt.swift; sourceTree = "<group>"; };
		E591676A254BF6800050219F /* MessageLayer.swift */ = {isa = PBXFileReference; fileEncoding = 4; lastKnownFileType = sourcecode.swift; path = MessageLayer.swift; sourceTree = "<group>"; };
		E591676B254BF6800050219F /* MessageLayer.xib */ = {isa = PBXFileReference; fileEncoding = 4; lastKnownFileType = file.xib; path = MessageLayer.xib; sourceTree = "<group>"; };
		E5916770254BF6CE0050219F /* UIPanGestureRecognizerExt.swift */ = {isa = PBXFileReference; lastKnownFileType = sourcecode.swift; path = UIPanGestureRecognizerExt.swift; sourceTree = "<group>"; };
		E599748C254A9D86004AF0D9 /* BaseViewModel.swift */ = {isa = PBXFileReference; lastKnownFileType = sourcecode.swift; path = BaseViewModel.swift; sourceTree = "<group>"; };
		E5997493254A9DDE004AF0D9 /* Log.swift */ = {isa = PBXFileReference; lastKnownFileType = sourcecode.swift; path = Log.swift; sourceTree = "<group>"; };
		E5997499254A9E19004AF0D9 /* BaseView.swift */ = {isa = PBXFileReference; lastKnownFileType = sourcecode.swift; path = BaseView.swift; sourceTree = "<group>"; };
		E599749D254A9E32004AF0D9 /* BaseCoordinator.swift */ = {isa = PBXFileReference; lastKnownFileType = sourcecode.swift; path = BaseCoordinator.swift; sourceTree = "<group>"; };
		E59974A1254A9E48004AF0D9 /* StoryboardInitializable.swift */ = {isa = PBXFileReference; lastKnownFileType = sourcecode.swift; path = StoryboardInitializable.swift; sourceTree = "<group>"; };
		E59974A5254A9E60004AF0D9 /* BaseViewController.swift */ = {isa = PBXFileReference; lastKnownFileType = sourcecode.swift; path = BaseViewController.swift; sourceTree = "<group>"; };
		E59974A9254A9EA1004AF0D9 /* BaseNavigationController.swift */ = {isa = PBXFileReference; lastKnownFileType = sourcecode.swift; path = BaseNavigationController.swift; sourceTree = "<group>"; };
		E59974B1254A9FD6004AF0D9 /* MainScreenVM.swift */ = {isa = PBXFileReference; lastKnownFileType = sourcecode.swift; path = MainScreenVM.swift; sourceTree = "<group>"; };
		E59974B7254A9FDF004AF0D9 /* MainScreenCR.swift */ = {isa = PBXFileReference; lastKnownFileType = sourcecode.swift; path = MainScreenCR.swift; sourceTree = "<group>"; };
		E59974BB254A9FE8004AF0D9 /* MainScreenVC.swift */ = {isa = PBXFileReference; lastKnownFileType = sourcecode.swift; path = MainScreenVC.swift; sourceTree = "<group>"; };
		E59974BF254A9FF3004AF0D9 /* MainScreenSB.storyboard */ = {isa = PBXFileReference; lastKnownFileType = file.storyboard; path = MainScreenSB.storyboard; sourceTree = "<group>"; };
		E59974C3254AA100004AF0D9 /* AppCoordinator.swift */ = {isa = PBXFileReference; lastKnownFileType = sourcecode.swift; path = AppCoordinator.swift; sourceTree = "<group>"; };
		E59974C8254AA2F4004AF0D9 /* ApplicationService.swift */ = {isa = PBXFileReference; lastKnownFileType = sourcecode.swift; path = ApplicationService.swift; sourceTree = "<group>"; };
		E59974CE254AA30C004AF0D9 /* PluggableApplicationDelegate.swift */ = {isa = PBXFileReference; lastKnownFileType = sourcecode.swift; path = PluggableApplicationDelegate.swift; sourceTree = "<group>"; };
		E59974D3254AA36B004AF0D9 /* UIApplicationService.swift */ = {isa = PBXFileReference; lastKnownFileType = sourcecode.swift; path = UIApplicationService.swift; sourceTree = "<group>"; };
		E5997553254ABE9A004AF0D9 /* Keys.plist */ = {isa = PBXFileReference; lastKnownFileType = text.plist.xml; path = Keys.plist; sourceTree = "<group>"; };
		E5997557254ABEC1004AF0D9 /* KeyUtil.swift */ = {isa = PBXFileReference; lastKnownFileType = sourcecode.swift; path = KeyUtil.swift; sourceTree = "<group>"; };
		E59975EE254AFC1A004AF0D9 /* DependenciesApplicationService.swift */ = {isa = PBXFileReference; lastKnownFileType = sourcecode.swift; path = DependenciesApplicationService.swift; sourceTree = "<group>"; };
		E5D449B6254A976B00718AEC /* MarvelApiTest.app */ = {isa = PBXFileReference; explicitFileType = wrapper.application; includeInIndex = 0; path = MarvelApiTest.app; sourceTree = BUILT_PRODUCTS_DIR; };
		E5D449B9254A976B00718AEC /* AppDelegate.swift */ = {isa = PBXFileReference; lastKnownFileType = sourcecode.swift; path = AppDelegate.swift; sourceTree = "<group>"; };
		E5D449C2254A976C00718AEC /* Assets.xcassets */ = {isa = PBXFileReference; lastKnownFileType = folder.assetcatalog; path = Assets.xcassets; sourceTree = "<group>"; };
		E5D449C5254A976C00718AEC /* Base */ = {isa = PBXFileReference; lastKnownFileType = file.storyboard; name = Base; path = Base.lproj/LaunchScreen.storyboard; sourceTree = "<group>"; };
		E5D449C7254A976C00718AEC /* Info.plist */ = {isa = PBXFileReference; lastKnownFileType = text.plist.xml; path = Info.plist; sourceTree = "<group>"; };
		E5D449CC254A976C00718AEC /* MarvelApiTestTests.xctest */ = {isa = PBXFileReference; explicitFileType = wrapper.cfbundle; includeInIndex = 0; path = MarvelApiTestTests.xctest; sourceTree = BUILT_PRODUCTS_DIR; };
		E5D449D0254A976C00718AEC /* MarvelApiTestTests.swift */ = {isa = PBXFileReference; lastKnownFileType = sourcecode.swift; path = MarvelApiTestTests.swift; sourceTree = "<group>"; };
		E5D449D2254A976C00718AEC /* Info.plist */ = {isa = PBXFileReference; lastKnownFileType = text.plist.xml; path = Info.plist; sourceTree = "<group>"; };
		E5D449D7254A976C00718AEC /* MarvelApiTestUITests.xctest */ = {isa = PBXFileReference; explicitFileType = wrapper.cfbundle; includeInIndex = 0; path = MarvelApiTestUITests.xctest; sourceTree = BUILT_PRODUCTS_DIR; };
		E5D449DB254A976C00718AEC /* MarvelApiTestUITests.swift */ = {isa = PBXFileReference; lastKnownFileType = sourcecode.swift; path = MarvelApiTestUITests.swift; sourceTree = "<group>"; };
		E5D449DD254A976C00718AEC /* Info.plist */ = {isa = PBXFileReference; lastKnownFileType = text.plist.xml; path = Info.plist; sourceTree = "<group>"; };
		E5D44A89254A9A6F00718AEC /* DataLayer.framework */ = {isa = PBXFileReference; explicitFileType = wrapper.framework; path = DataLayer.framework; sourceTree = BUILT_PRODUCTS_DIR; };
		E5D44A8A254A9A6F00718AEC /* DomainLayer.framework */ = {isa = PBXFileReference; explicitFileType = wrapper.framework; path = DomainLayer.framework; sourceTree = BUILT_PRODUCTS_DIR; };
		E5D44A8B254A9A6F00718AEC /* NetworkLayer.framework */ = {isa = PBXFileReference; explicitFileType = wrapper.framework; path = NetworkLayer.framework; sourceTree = BUILT_PRODUCTS_DIR; };
/* End PBXFileReference section */

/* Begin PBXFrameworksBuildPhase section */
		E5D449B3254A976B00718AEC /* Frameworks */ = {
			isa = PBXFrameworksBuildPhase;
			buildActionMask = 2147483647;
			files = (
				E5D44A8E254A9A6F00718AEC /* DomainLayer.framework in Frameworks */,
				E5D44A90254A9A6F00718AEC /* NetworkLayer.framework in Frameworks */,
				E5D44A8C254A9A6F00718AEC /* DataLayer.framework in Frameworks */,
				526D2E1965AB207276188AFA /* Pods_MarvelApiTest.framework in Frameworks */,
			);
			runOnlyForDeploymentPostprocessing = 0;
		};
		E5D449C9254A976C00718AEC /* Frameworks */ = {
			isa = PBXFrameworksBuildPhase;
			buildActionMask = 2147483647;
			files = (
				23120D4E77407D094B8B5AC5 /* Pods_MarvelApiTestTests.framework in Frameworks */,
			);
			runOnlyForDeploymentPostprocessing = 0;
		};
		E5D449D4254A976C00718AEC /* Frameworks */ = {
			isa = PBXFrameworksBuildPhase;
			buildActionMask = 2147483647;
			files = (
				1EB70CC91804033B7AF8B14B /* Pods_MarvelApiTest_MarvelApiTestUITests.framework in Frameworks */,
			);
			runOnlyForDeploymentPostprocessing = 0;
		};
/* End PBXFrameworksBuildPhase section */

/* Begin PBXGroup section */
		C225EB9D84BC13DA4EE6486C /* Pods */ = {
			isa = PBXGroup;
			children = (
				56BED5A88646097991BA4A5C /* Pods-MarvelApiTest.debug.xcconfig */,
				91DF5E1339B693B9C8039D39 /* Pods-MarvelApiTest.release.xcconfig */,
				C5AEF6F3198C3CD5714F25C9 /* Pods-MarvelApiTest-MarvelApiTestUITests.debug.xcconfig */,
				49745405F1AD9D4D169AF91D /* Pods-MarvelApiTest-MarvelApiTestUITests.release.xcconfig */,
				884E302EB090CBD17ED45CA4 /* Pods-MarvelApiTestTests.debug.xcconfig */,
				9C78360176B60EE8B0B43951 /* Pods-MarvelApiTestTests.release.xcconfig */,
			);
			path = Pods;
			sourceTree = "<group>";
		};
		D4750CF7E1507A2602AF4DF3 /* Frameworks */ = {
			isa = PBXGroup;
			children = (
				E5D44A89254A9A6F00718AEC /* DataLayer.framework */,
				E5D44A8A254A9A6F00718AEC /* DomainLayer.framework */,
				E5D44A8B254A9A6F00718AEC /* NetworkLayer.framework */,
				28470965089DBC4B1D9C01FE /* Pods_MarvelApiTest.framework */,
				D5A7FD8843F026C2C4DAD0EC /* Pods_MarvelApiTest_MarvelApiTestUITests.framework */,
				47DF00D3CDA596F6E22529E4 /* Pods_MarvelApiTestTests.framework */,
			);
			name = Frameworks;
			sourceTree = "<group>";
		};
		E5916750254BEA590050219F /* Cell */ = {
			isa = PBXGroup;
			children = (
				E5916751254BEAD20050219F /* CharacterSection.swift */,
				E5916755254BEB6A0050219F /* CharacterCell.swift */,
				E5916756254BEB6A0050219F /* CharacterCell.xib */,
			);
			path = Cell;
			sourceTree = "<group>";
		};
		E591675B254BED760050219F /* Views */ = {
			isa = PBXGroup;
			children = (
				E5916769254BF6520050219F /* MessageLayer */,
				E591675C254BED8C0050219F /* GradientBackgroundView.swift */,
			);
			path = Views;
			sourceTree = "<group>";
		};
		E5916762254BF5410050219F /* Extensions */ = {
			isa = PBXGroup;
			children = (
				E5916763254BF5510050219F /* UIViewControllerExt.swift */,
				E5916770254BF6CE0050219F /* UIPanGestureRecognizerExt.swift */,
			);
			path = Extensions;
			sourceTree = "<group>";
		};
		E5916769254BF6520050219F /* MessageLayer */ = {
			isa = PBXGroup;
			children = (
				E591676A254BF6800050219F /* MessageLayer.swift */,
				E591676B254BF6800050219F /* MessageLayer.xib */,
			);
			path = MessageLayer;
			sourceTree = "<group>";
		};
		E599748B254A9D55004AF0D9 /* Base */ = {
			isa = PBXGroup;
			children = (
				E599748C254A9D86004AF0D9 /* BaseViewModel.swift */,
				E5997499254A9E19004AF0D9 /* BaseView.swift */,
				E599749D254A9E32004AF0D9 /* BaseCoordinator.swift */,
				E59974A1254A9E48004AF0D9 /* StoryboardInitializable.swift */,
				E59974A5254A9E60004AF0D9 /* BaseViewController.swift */,
				E59974A9254A9EA1004AF0D9 /* BaseNavigationController.swift */,
			);
			path = Base;
			sourceTree = "<group>";
		};
		E5997492254A9DD1004AF0D9 /* Utils */ = {
			isa = PBXGroup;
			children = (
				E5997493254A9DDE004AF0D9 /* Log.swift */,
				E5997557254ABEC1004AF0D9 /* KeyUtil.swift */,
			);
			path = Utils;
			sourceTree = "<group>";
		};
		E59974AF254A9F97004AF0D9 /* Screens */ = {
			isa = PBXGroup;
			children = (
				E59974B0254A9FB3004AF0D9 /* MainScreen */,
			);
			path = Screens;
			sourceTree = "<group>";
		};
		E59974B0254A9FB3004AF0D9 /* MainScreen */ = {
			isa = PBXGroup;
			children = (
				E5916750254BEA590050219F /* Cell */,
				E59974B1254A9FD6004AF0D9 /* MainScreenVM.swift */,
				E59974B7254A9FDF004AF0D9 /* MainScreenCR.swift */,
				E59974BB254A9FE8004AF0D9 /* MainScreenVC.swift */,
				E59974BF254A9FF3004AF0D9 /* MainScreenSB.storyboard */,
			);
			path = MainScreen;
			sourceTree = "<group>";
		};
		E59974C7254AA2D2004AF0D9 /* Application */ = {
			isa = PBXGroup;
			children = (
				E59974C8254AA2F4004AF0D9 /* ApplicationService.swift */,
				E59974CE254AA30C004AF0D9 /* PluggableApplicationDelegate.swift */,
			);
			path = Application;
			sourceTree = "<group>";
		};
		E59974D2254AA35E004AF0D9 /* Services */ = {
			isa = PBXGroup;
			children = (
				E59974D3254AA36B004AF0D9 /* UIApplicationService.swift */,
				E59975EE254AFC1A004AF0D9 /* DependenciesApplicationService.swift */,
			);
			path = Services;
			sourceTree = "<group>";
		};
		E5D449AD254A976B00718AEC = {
			isa = PBXGroup;
			children = (
				E5D449B8254A976B00718AEC /* MarvelApiTest */,
				E5D449CF254A976C00718AEC /* MarvelApiTestTests */,
				E5D449DA254A976C00718AEC /* MarvelApiTestUITests */,
				E5D449B7254A976B00718AEC /* Products */,
				C225EB9D84BC13DA4EE6486C /* Pods */,
				D4750CF7E1507A2602AF4DF3 /* Frameworks */,
			);
			sourceTree = "<group>";
		};
		E5D449B7254A976B00718AEC /* Products */ = {
			isa = PBXGroup;
			children = (
				E5D449B6254A976B00718AEC /* MarvelApiTest.app */,
				E5D449CC254A976C00718AEC /* MarvelApiTestTests.xctest */,
				E5D449D7254A976C00718AEC /* MarvelApiTestUITests.xctest */,
			);
			name = Products;
			sourceTree = "<group>";
		};
		E5D449B8254A976B00718AEC /* MarvelApiTest */ = {
			isa = PBXGroup;
			children = (
				E5916762254BF5410050219F /* Extensions */,
				E591675B254BED760050219F /* Views */,
				E59974D2254AA35E004AF0D9 /* Services */,
				E59974C7254AA2D2004AF0D9 /* Application */,
				E59974AF254A9F97004AF0D9 /* Screens */,
				E5997492254A9DD1004AF0D9 /* Utils */,
				E599748B254A9D55004AF0D9 /* Base */,
				E5D449B9254A976B00718AEC /* AppDelegate.swift */,
				E59974C3254AA100004AF0D9 /* AppCoordinator.swift */,
				E5D449C2254A976C00718AEC /* Assets.xcassets */,
				E5D449C4254A976C00718AEC /* LaunchScreen.storyboard */,
				E5D449C7254A976C00718AEC /* Info.plist */,
				E5997553254ABE9A004AF0D9 /* Keys.plist */,
			);
			path = MarvelApiTest;
			sourceTree = "<group>";
		};
		E5D449CF254A976C00718AEC /* MarvelApiTestTests */ = {
			isa = PBXGroup;
			children = (
				E5D449D0254A976C00718AEC /* MarvelApiTestTests.swift */,
				E5D449D2254A976C00718AEC /* Info.plist */,
			);
			path = MarvelApiTestTests;
			sourceTree = "<group>";
		};
		E5D449DA254A976C00718AEC /* MarvelApiTestUITests */ = {
			isa = PBXGroup;
			children = (
				E5D449DB254A976C00718AEC /* MarvelApiTestUITests.swift */,
				E5D449DD254A976C00718AEC /* Info.plist */,
			);
			path = MarvelApiTestUITests;
			sourceTree = "<group>";
		};
/* End PBXGroup section */

/* Begin PBXNativeTarget section */
		E5D449B5254A976B00718AEC /* MarvelApiTest */ = {
			isa = PBXNativeTarget;
			buildConfigurationList = E5D449E0254A976C00718AEC /* Build configuration list for PBXNativeTarget "MarvelApiTest" */;
			buildPhases = (
				12A1033F9D012CD68FF788D2 /* [CP] Check Pods Manifest.lock */,
				E5D449B2254A976B00718AEC /* Sources */,
				E5D449B3254A976B00718AEC /* Frameworks */,
				E5D449B4254A976B00718AEC /* Resources */,
				37A03B37BC5F84E99509E4F1 /* [CP] Embed Pods Frameworks */,
				E5D44A92254A9A6F00718AEC /* Embed Frameworks */,
			);
			buildRules = (
			);
			dependencies = (
			);
			name = MarvelApiTest;
			productName = MarvelApiTest;
			productReference = E5D449B6254A976B00718AEC /* MarvelApiTest.app */;
			productType = "com.apple.product-type.application";
		};
		E5D449CB254A976C00718AEC /* MarvelApiTestTests */ = {
			isa = PBXNativeTarget;
			buildConfigurationList = E5D449E3254A976C00718AEC /* Build configuration list for PBXNativeTarget "MarvelApiTestTests" */;
			buildPhases = (
				62BCB346C562450104A4D238 /* [CP] Check Pods Manifest.lock */,
				E5D449C8254A976C00718AEC /* Sources */,
				E5D449C9254A976C00718AEC /* Frameworks */,
				E5D449CA254A976C00718AEC /* Resources */,
			);
			buildRules = (
			);
			dependencies = (
				E5D449CE254A976C00718AEC /* PBXTargetDependency */,
			);
			name = MarvelApiTestTests;
			productName = MarvelApiTestTests;
			productReference = E5D449CC254A976C00718AEC /* MarvelApiTestTests.xctest */;
			productType = "com.apple.product-type.bundle.unit-test";
		};
		E5D449D6254A976C00718AEC /* MarvelApiTestUITests */ = {
			isa = PBXNativeTarget;
			buildConfigurationList = E5D449E6254A976C00718AEC /* Build configuration list for PBXNativeTarget "MarvelApiTestUITests" */;
			buildPhases = (
				6EAA2678BAC1B4BC84DCBBAB /* [CP] Check Pods Manifest.lock */,
				E5D449D3254A976C00718AEC /* Sources */,
				E5D449D4254A976C00718AEC /* Frameworks */,
				E5D449D5254A976C00718AEC /* Resources */,
				F5AAD99774109982A0CB99F8 /* [CP] Embed Pods Frameworks */,
			);
			buildRules = (
			);
			dependencies = (
				E5D449D9254A976C00718AEC /* PBXTargetDependency */,
			);
			name = MarvelApiTestUITests;
			productName = MarvelApiTestUITests;
			productReference = E5D449D7254A976C00718AEC /* MarvelApiTestUITests.xctest */;
			productType = "com.apple.product-type.bundle.ui-testing";
		};
/* End PBXNativeTarget section */

/* Begin PBXProject section */
		E5D449AE254A976B00718AEC /* Project object */ = {
			isa = PBXProject;
			attributes = {
				LastSwiftUpdateCheck = 1210;
				LastUpgradeCheck = 1210;
				TargetAttributes = {
					E5D449B5254A976B00718AEC = {
						CreatedOnToolsVersion = 12.1;
					};
					E5D449CB254A976C00718AEC = {
						CreatedOnToolsVersion = 12.1;
						TestTargetID = E5D449B5254A976B00718AEC;
					};
					E5D449D6254A976C00718AEC = {
						CreatedOnToolsVersion = 12.1;
						TestTargetID = E5D449B5254A976B00718AEC;
					};
				};
			};
			buildConfigurationList = E5D449B1254A976B00718AEC /* Build configuration list for PBXProject "MarvelApiTest" */;
			compatibilityVersion = "Xcode 9.3";
			developmentRegion = en;
			hasScannedForEncodings = 0;
			knownRegions = (
				en,
				Base,
			);
			mainGroup = E5D449AD254A976B00718AEC;
			productRefGroup = E5D449B7254A976B00718AEC /* Products */;
			projectDirPath = "";
			projectRoot = "";
			targets = (
				E5D449B5254A976B00718AEC /* MarvelApiTest */,
				E5D449CB254A976C00718AEC /* MarvelApiTestTests */,
				E5D449D6254A976C00718AEC /* MarvelApiTestUITests */,
			);
		};
/* End PBXProject section */

/* Begin PBXResourcesBuildPhase section */
		E5D449B4254A976B00718AEC /* Resources */ = {
			isa = PBXResourcesBuildPhase;
			buildActionMask = 2147483647;
			files = (
				E5997554254ABE9A004AF0D9 /* Keys.plist in Resources */,
				E5D449C6254A976C00718AEC /* LaunchScreen.storyboard in Resources */,
				E5916758254BEB6A0050219F /* CharacterCell.xib in Resources */,
				E5D449C3254A976C00718AEC /* Assets.xcassets in Resources */,
				E59974C0254A9FF3004AF0D9 /* MainScreenSB.storyboard in Resources */,
				E591676D254BF6800050219F /* MessageLayer.xib in Resources */,
			);
			runOnlyForDeploymentPostprocessing = 0;
		};
		E5D449CA254A976C00718AEC /* Resources */ = {
			isa = PBXResourcesBuildPhase;
			buildActionMask = 2147483647;
			files = (
			);
			runOnlyForDeploymentPostprocessing = 0;
		};
		E5D449D5254A976C00718AEC /* Resources */ = {
			isa = PBXResourcesBuildPhase;
			buildActionMask = 2147483647;
			files = (
			);
			runOnlyForDeploymentPostprocessing = 0;
		};
/* End PBXResourcesBuildPhase section */

/* Begin PBXShellScriptBuildPhase section */
		12A1033F9D012CD68FF788D2 /* [CP] Check Pods Manifest.lock */ = {
			isa = PBXShellScriptBuildPhase;
			buildActionMask = 2147483647;
			files = (
			);
			inputFileListPaths = (
			);
			inputPaths = (
				"${PODS_PODFILE_DIR_PATH}/Podfile.lock",
				"${PODS_ROOT}/Manifest.lock",
			);
			name = "[CP] Check Pods Manifest.lock";
			outputFileListPaths = (
			);
			outputPaths = (
				"$(DERIVED_FILE_DIR)/Pods-MarvelApiTest-checkManifestLockResult.txt",
			);
			runOnlyForDeploymentPostprocessing = 0;
			shellPath = /bin/sh;
			shellScript = "diff \"${PODS_PODFILE_DIR_PATH}/Podfile.lock\" \"${PODS_ROOT}/Manifest.lock\" > /dev/null\nif [ $? != 0 ] ; then\n    # print error to STDERR\n    echo \"error: The sandbox is not in sync with the Podfile.lock. Run 'pod install' or update your CocoaPods installation.\" >&2\n    exit 1\nfi\n# This output is used by Xcode 'outputs' to avoid re-running this script phase.\necho \"SUCCESS\" > \"${SCRIPT_OUTPUT_FILE_0}\"\n";
			showEnvVarsInLog = 0;
		};
		37A03B37BC5F84E99509E4F1 /* [CP] Embed Pods Frameworks */ = {
			isa = PBXShellScriptBuildPhase;
			buildActionMask = 2147483647;
			files = (
			);
			inputFileListPaths = (
				"${PODS_ROOT}/Target Support Files/Pods-MarvelApiTest/Pods-MarvelApiTest-frameworks-${CONFIGURATION}-input-files.xcfilelist",
			);
			name = "[CP] Embed Pods Frameworks";
			outputFileListPaths = (
				"${PODS_ROOT}/Target Support Files/Pods-MarvelApiTest/Pods-MarvelApiTest-frameworks-${CONFIGURATION}-output-files.xcfilelist",
			);
			runOnlyForDeploymentPostprocessing = 0;
			shellPath = /bin/sh;
			shellScript = "\"${PODS_ROOT}/Target Support Files/Pods-MarvelApiTest/Pods-MarvelApiTest-frameworks.sh\"\n";
			showEnvVarsInLog = 0;
		};
		62BCB346C562450104A4D238 /* [CP] Check Pods Manifest.lock */ = {
			isa = PBXShellScriptBuildPhase;
			buildActionMask = 2147483647;
			files = (
			);
			inputFileListPaths = (
			);
			inputPaths = (
				"${PODS_PODFILE_DIR_PATH}/Podfile.lock",
				"${PODS_ROOT}/Manifest.lock",
			);
			name = "[CP] Check Pods Manifest.lock";
			outputFileListPaths = (
			);
			outputPaths = (
				"$(DERIVED_FILE_DIR)/Pods-MarvelApiTestTests-checkManifestLockResult.txt",
			);
			runOnlyForDeploymentPostprocessing = 0;
			shellPath = /bin/sh;
			shellScript = "diff \"${PODS_PODFILE_DIR_PATH}/Podfile.lock\" \"${PODS_ROOT}/Manifest.lock\" > /dev/null\nif [ $? != 0 ] ; then\n    # print error to STDERR\n    echo \"error: The sandbox is not in sync with the Podfile.lock. Run 'pod install' or update your CocoaPods installation.\" >&2\n    exit 1\nfi\n# This output is used by Xcode 'outputs' to avoid re-running this script phase.\necho \"SUCCESS\" > \"${SCRIPT_OUTPUT_FILE_0}\"\n";
			showEnvVarsInLog = 0;
		};
		6EAA2678BAC1B4BC84DCBBAB /* [CP] Check Pods Manifest.lock */ = {
			isa = PBXShellScriptBuildPhase;
			buildActionMask = 2147483647;
			files = (
			);
			inputFileListPaths = (
			);
			inputPaths = (
				"${PODS_PODFILE_DIR_PATH}/Podfile.lock",
				"${PODS_ROOT}/Manifest.lock",
			);
			name = "[CP] Check Pods Manifest.lock";
			outputFileListPaths = (
			);
			outputPaths = (
				"$(DERIVED_FILE_DIR)/Pods-MarvelApiTest-MarvelApiTestUITests-checkManifestLockResult.txt",
			);
			runOnlyForDeploymentPostprocessing = 0;
			shellPath = /bin/sh;
			shellScript = "diff \"${PODS_PODFILE_DIR_PATH}/Podfile.lock\" \"${PODS_ROOT}/Manifest.lock\" > /dev/null\nif [ $? != 0 ] ; then\n    # print error to STDERR\n    echo \"error: The sandbox is not in sync with the Podfile.lock. Run 'pod install' or update your CocoaPods installation.\" >&2\n    exit 1\nfi\n# This output is used by Xcode 'outputs' to avoid re-running this script phase.\necho \"SUCCESS\" > \"${SCRIPT_OUTPUT_FILE_0}\"\n";
			showEnvVarsInLog = 0;
		};
		F5AAD99774109982A0CB99F8 /* [CP] Embed Pods Frameworks */ = {
			isa = PBXShellScriptBuildPhase;
			buildActionMask = 2147483647;
			files = (
			);
			inputFileListPaths = (
				"${PODS_ROOT}/Target Support Files/Pods-MarvelApiTest-MarvelApiTestUITests/Pods-MarvelApiTest-MarvelApiTestUITests-frameworks-${CONFIGURATION}-input-files.xcfilelist",
			);
			name = "[CP] Embed Pods Frameworks";
			outputFileListPaths = (
				"${PODS_ROOT}/Target Support Files/Pods-MarvelApiTest-MarvelApiTestUITests/Pods-MarvelApiTest-MarvelApiTestUITests-frameworks-${CONFIGURATION}-output-files.xcfilelist",
			);
			runOnlyForDeploymentPostprocessing = 0;
			shellPath = /bin/sh;
			shellScript = "\"${PODS_ROOT}/Target Support Files/Pods-MarvelApiTest-MarvelApiTestUITests/Pods-MarvelApiTest-MarvelApiTestUITests-frameworks.sh\"\n";
			showEnvVarsInLog = 0;
		};
/* End PBXShellScriptBuildPhase section */

/* Begin PBXSourcesBuildPhase section */
		E5D449B2254A976B00718AEC /* Sources */ = {
			isa = PBXSourcesBuildPhase;
			buildActionMask = 2147483647;
			files = (
				E59974D4254AA36B004AF0D9 /* UIApplicationService.swift in Sources */,
				E59974C4254AA100004AF0D9 /* AppCoordinator.swift in Sources */,
				E599748D254A9D86004AF0D9 /* BaseViewModel.swift in Sources */,
				E59974A2254A9E48004AF0D9 /* StoryboardInitializable.swift in Sources */,
				E591675D254BED8C0050219F /* GradientBackgroundView.swift in Sources */,
				E5916764254BF5510050219F /* UIViewControllerExt.swift in Sources */,
				E5916771254BF6CE0050219F /* UIPanGestureRecognizerExt.swift in Sources */,
				E59974B2254A9FD6004AF0D9 /* MainScreenVM.swift in Sources */,
				E5916752254BEAD20050219F /* CharacterSection.swift in Sources */,
				E5997494254A9DDE004AF0D9 /* Log.swift in Sources */,
				E599749A254A9E19004AF0D9 /* BaseView.swift in Sources */,
				E59974B8254A9FDF004AF0D9 /* MainScreenCR.swift in Sources */,
				E591676C254BF6800050219F /* MessageLayer.swift in Sources */,
				E59974CF254AA30C004AF0D9 /* PluggableApplicationDelegate.swift in Sources */,
				E59974A6254A9E60004AF0D9 /* BaseViewController.swift in Sources */,
				E599749E254A9E32004AF0D9 /* BaseCoordinator.swift in Sources */,
				E59974C9254AA2F4004AF0D9 /* ApplicationService.swift in Sources */,
				E5D449BA254A976B00718AEC /* AppDelegate.swift in Sources */,
				E5916757254BEB6A0050219F /* CharacterCell.swift in Sources */,
				E59974BC254A9FE8004AF0D9 /* MainScreenVC.swift in Sources */,
				E59974AA254A9EA1004AF0D9 /* BaseNavigationController.swift in Sources */,
				E59975EF254AFC1A004AF0D9 /* DependenciesApplicationService.swift in Sources */,
				E5997558254ABEC1004AF0D9 /* KeyUtil.swift in Sources */,
			);
			runOnlyForDeploymentPostprocessing = 0;
		};
		E5D449C8254A976C00718AEC /* Sources */ = {
			isa = PBXSourcesBuildPhase;
			buildActionMask = 2147483647;
			files = (
				E5D449D1254A976C00718AEC /* MarvelApiTestTests.swift in Sources */,
			);
			runOnlyForDeploymentPostprocessing = 0;
		};
		E5D449D3254A976C00718AEC /* Sources */ = {
			isa = PBXSourcesBuildPhase;
			buildActionMask = 2147483647;
			files = (
				E5D449DC254A976C00718AEC /* MarvelApiTestUITests.swift in Sources */,
			);
			runOnlyForDeploymentPostprocessing = 0;
		};
/* End PBXSourcesBuildPhase section */

/* Begin PBXTargetDependency section */
		E5D449CE254A976C00718AEC /* PBXTargetDependency */ = {
			isa = PBXTargetDependency;
			target = E5D449B5254A976B00718AEC /* MarvelApiTest */;
			targetProxy = E5D449CD254A976C00718AEC /* PBXContainerItemProxy */;
		};
		E5D449D9254A976C00718AEC /* PBXTargetDependency */ = {
			isa = PBXTargetDependency;
			target = E5D449B5254A976B00718AEC /* MarvelApiTest */;
			targetProxy = E5D449D8254A976C00718AEC /* PBXContainerItemProxy */;
		};
/* End PBXTargetDependency section */

/* Begin PBXVariantGroup section */
		E5D449C4254A976C00718AEC /* LaunchScreen.storyboard */ = {
			isa = PBXVariantGroup;
			children = (
				E5D449C5254A976C00718AEC /* Base */,
			);
			name = LaunchScreen.storyboard;
			sourceTree = "<group>";
		};
/* End PBXVariantGroup section */

/* Begin XCBuildConfiguration section */
		E5D449DE254A976C00718AEC /* Debug */ = {
			isa = XCBuildConfiguration;
			buildSettings = {
				ALWAYS_SEARCH_USER_PATHS = NO;
				CLANG_ANALYZER_NONNULL = YES;
				CLANG_ANALYZER_NUMBER_OBJECT_CONVERSION = YES_AGGRESSIVE;
				CLANG_CXX_LANGUAGE_STANDARD = "gnu++14";
				CLANG_CXX_LIBRARY = "libc++";
				CLANG_ENABLE_MODULES = YES;
				CLANG_ENABLE_OBJC_ARC = YES;
				CLANG_ENABLE_OBJC_WEAK = YES;
				CLANG_WARN_BLOCK_CAPTURE_AUTORELEASING = YES;
				CLANG_WARN_BOOL_CONVERSION = YES;
				CLANG_WARN_COMMA = YES;
				CLANG_WARN_CONSTANT_CONVERSION = YES;
				CLANG_WARN_DEPRECATED_OBJC_IMPLEMENTATIONS = YES;
				CLANG_WARN_DIRECT_OBJC_ISA_USAGE = YES_ERROR;
				CLANG_WARN_DOCUMENTATION_COMMENTS = YES;
				CLANG_WARN_EMPTY_BODY = YES;
				CLANG_WARN_ENUM_CONVERSION = YES;
				CLANG_WARN_INFINITE_RECURSION = YES;
				CLANG_WARN_INT_CONVERSION = YES;
				CLANG_WARN_NON_LITERAL_NULL_CONVERSION = YES;
				CLANG_WARN_OBJC_IMPLICIT_RETAIN_SELF = YES;
				CLANG_WARN_OBJC_LITERAL_CONVERSION = YES;
				CLANG_WARN_OBJC_ROOT_CLASS = YES_ERROR;
				CLANG_WARN_QUOTED_INCLUDE_IN_FRAMEWORK_HEADER = YES;
				CLANG_WARN_RANGE_LOOP_ANALYSIS = YES;
				CLANG_WARN_STRICT_PROTOTYPES = YES;
				CLANG_WARN_SUSPICIOUS_MOVE = YES;
				CLANG_WARN_UNGUARDED_AVAILABILITY = YES_AGGRESSIVE;
				CLANG_WARN_UNREACHABLE_CODE = YES;
				CLANG_WARN__DUPLICATE_METHOD_MATCH = YES;
				COPY_PHASE_STRIP = NO;
				DEBUG_INFORMATION_FORMAT = dwarf;
				ENABLE_STRICT_OBJC_MSGSEND = YES;
				ENABLE_TESTABILITY = YES;
				GCC_C_LANGUAGE_STANDARD = gnu11;
				GCC_DYNAMIC_NO_PIC = NO;
				GCC_NO_COMMON_BLOCKS = YES;
				GCC_OPTIMIZATION_LEVEL = 0;
				GCC_PREPROCESSOR_DEFINITIONS = (
					"DEBUG=1",
					"$(inherited)",
				);
				GCC_WARN_64_TO_32_BIT_CONVERSION = YES;
				GCC_WARN_ABOUT_RETURN_TYPE = YES_ERROR;
				GCC_WARN_UNDECLARED_SELECTOR = YES;
				GCC_WARN_UNINITIALIZED_AUTOS = YES_AGGRESSIVE;
				GCC_WARN_UNUSED_FUNCTION = YES;
				GCC_WARN_UNUSED_VARIABLE = YES;
				IPHONEOS_DEPLOYMENT_TARGET = 14.1;
				MTL_ENABLE_DEBUG_INFO = INCLUDE_SOURCE;
				MTL_FAST_MATH = YES;
				ONLY_ACTIVE_ARCH = YES;
				SDKROOT = iphoneos;
				SWIFT_ACTIVE_COMPILATION_CONDITIONS = DEBUG;
				SWIFT_OPTIMIZATION_LEVEL = "-Onone";
			};
			name = Debug;
		};
		E5D449DF254A976C00718AEC /* Release */ = {
			isa = XCBuildConfiguration;
			buildSettings = {
				ALWAYS_SEARCH_USER_PATHS = NO;
				CLANG_ANALYZER_NONNULL = YES;
				CLANG_ANALYZER_NUMBER_OBJECT_CONVERSION = YES_AGGRESSIVE;
				CLANG_CXX_LANGUAGE_STANDARD = "gnu++14";
				CLANG_CXX_LIBRARY = "libc++";
				CLANG_ENABLE_MODULES = YES;
				CLANG_ENABLE_OBJC_ARC = YES;
				CLANG_ENABLE_OBJC_WEAK = YES;
				CLANG_WARN_BLOCK_CAPTURE_AUTORELEASING = YES;
				CLANG_WARN_BOOL_CONVERSION = YES;
				CLANG_WARN_COMMA = YES;
				CLANG_WARN_CONSTANT_CONVERSION = YES;
				CLANG_WARN_DEPRECATED_OBJC_IMPLEMENTATIONS = YES;
				CLANG_WARN_DIRECT_OBJC_ISA_USAGE = YES_ERROR;
				CLANG_WARN_DOCUMENTATION_COMMENTS = YES;
				CLANG_WARN_EMPTY_BODY = YES;
				CLANG_WARN_ENUM_CONVERSION = YES;
				CLANG_WARN_INFINITE_RECURSION = YES;
				CLANG_WARN_INT_CONVERSION = YES;
				CLANG_WARN_NON_LITERAL_NULL_CONVERSION = YES;
				CLANG_WARN_OBJC_IMPLICIT_RETAIN_SELF = YES;
				CLANG_WARN_OBJC_LITERAL_CONVERSION = YES;
				CLANG_WARN_OBJC_ROOT_CLASS = YES_ERROR;
				CLANG_WARN_QUOTED_INCLUDE_IN_FRAMEWORK_HEADER = YES;
				CLANG_WARN_RANGE_LOOP_ANALYSIS = YES;
				CLANG_WARN_STRICT_PROTOTYPES = YES;
				CLANG_WARN_SUSPICIOUS_MOVE = YES;
				CLANG_WARN_UNGUARDED_AVAILABILITY = YES_AGGRESSIVE;
				CLANG_WARN_UNREACHABLE_CODE = YES;
				CLANG_WARN__DUPLICATE_METHOD_MATCH = YES;
				COPY_PHASE_STRIP = NO;
				DEBUG_INFORMATION_FORMAT = "dwarf-with-dsym";
				ENABLE_NS_ASSERTIONS = NO;
				ENABLE_STRICT_OBJC_MSGSEND = YES;
				GCC_C_LANGUAGE_STANDARD = gnu11;
				GCC_NO_COMMON_BLOCKS = YES;
				GCC_WARN_64_TO_32_BIT_CONVERSION = YES;
				GCC_WARN_ABOUT_RETURN_TYPE = YES_ERROR;
				GCC_WARN_UNDECLARED_SELECTOR = YES;
				GCC_WARN_UNINITIALIZED_AUTOS = YES_AGGRESSIVE;
				GCC_WARN_UNUSED_FUNCTION = YES;
				GCC_WARN_UNUSED_VARIABLE = YES;
				IPHONEOS_DEPLOYMENT_TARGET = 14.1;
				MTL_ENABLE_DEBUG_INFO = NO;
				MTL_FAST_MATH = YES;
				SDKROOT = iphoneos;
				SWIFT_COMPILATION_MODE = wholemodule;
				SWIFT_OPTIMIZATION_LEVEL = "-O";
				VALIDATE_PRODUCT = YES;
			};
			name = Release;
		};
		E5D449E1254A976C00718AEC /* Debug */ = {
			isa = XCBuildConfiguration;
			baseConfigurationReference = 56BED5A88646097991BA4A5C /* Pods-MarvelApiTest.debug.xcconfig */;
			buildSettings = {
				ASSETCATALOG_COMPILER_APPICON_NAME = AppIcon;
				ASSETCATALOG_COMPILER_GLOBAL_ACCENT_COLOR_NAME = AccentColor;
				CODE_SIGN_STYLE = Automatic;
				DEVELOPMENT_TEAM = Y9CYE9NBLT;
				INFOPLIST_FILE = MarvelApiTest/Info.plist;
				IPHONEOS_DEPLOYMENT_TARGET = 13.0;
				LD_RUNPATH_SEARCH_PATHS = (
					"$(inherited)",
					"@executable_path/Frameworks",
				);
				PRODUCT_BUNDLE_IDENTIFIER = com.mehdok.MarvelApiTest;
				PRODUCT_NAME = "$(TARGET_NAME)";
				SWIFT_VERSION = 5.0;
				TARGETED_DEVICE_FAMILY = "1,2";
			};
			name = Debug;
		};
		E5D449E2254A976C00718AEC /* Release */ = {
			isa = XCBuildConfiguration;
			baseConfigurationReference = 91DF5E1339B693B9C8039D39 /* Pods-MarvelApiTest.release.xcconfig */;
			buildSettings = {
				ASSETCATALOG_COMPILER_APPICON_NAME = AppIcon;
				ASSETCATALOG_COMPILER_GLOBAL_ACCENT_COLOR_NAME = AccentColor;
				CODE_SIGN_STYLE = Automatic;
				DEVELOPMENT_TEAM = Y9CYE9NBLT;
				INFOPLIST_FILE = MarvelApiTest/Info.plist;
				IPHONEOS_DEPLOYMENT_TARGET = 13.0;
				LD_RUNPATH_SEARCH_PATHS = (
					"$(inherited)",
					"@executable_path/Frameworks",
				);
				PRODUCT_BUNDLE_IDENTIFIER = com.mehdok.MarvelApiTest;
				PRODUCT_NAME = "$(TARGET_NAME)";
				SWIFT_VERSION = 5.0;
				TARGETED_DEVICE_FAMILY = "1,2";
			};
			name = Release;
		};
		E5D449E4254A976C00718AEC /* Debug */ = {
			isa = XCBuildConfiguration;
			baseConfigurationReference = 884E302EB090CBD17ED45CA4 /* Pods-MarvelApiTestTests.debug.xcconfig */;
			buildSettings = {
				ALWAYS_EMBED_SWIFT_STANDARD_LIBRARIES = YES;
				BUNDLE_LOADER = "$(TEST_HOST)";
				CODE_SIGN_STYLE = Automatic;
				DEVELOPMENT_TEAM = Y9CYE9NBLT;
				INFOPLIST_FILE = MarvelApiTestTests/Info.plist;
				IPHONEOS_DEPLOYMENT_TARGET = 14.1;
				LD_RUNPATH_SEARCH_PATHS = (
					"$(inherited)",
					"@executable_path/Frameworks",
					"@loader_path/Frameworks",
				);
				PRODUCT_BUNDLE_IDENTIFIER = com.mehdok.MarvelApiTestTests;
				PRODUCT_NAME = "$(TARGET_NAME)";
				SWIFT_VERSION = 5.0;
				TARGETED_DEVICE_FAMILY = "1,2";
				TEST_HOST = "$(BUILT_PRODUCTS_DIR)/MarvelApiTest.app/MarvelApiTest";
			};
			name = Debug;
		};
		E5D449E5254A976C00718AEC /* Release */ = {
			isa = XCBuildConfiguration;
			baseConfigurationReference = 9C78360176B60EE8B0B43951 /* Pods-MarvelApiTestTests.release.xcconfig */;
			buildSettings = {
				ALWAYS_EMBED_SWIFT_STANDARD_LIBRARIES = YES;
				BUNDLE_LOADER = "$(TEST_HOST)";
				CODE_SIGN_STYLE = Automatic;
				DEVELOPMENT_TEAM = Y9CYE9NBLT;
				INFOPLIST_FILE = MarvelApiTestTests/Info.plist;
				IPHONEOS_DEPLOYMENT_TARGET = 14.1;
				LD_RUNPATH_SEARCH_PATHS = (
					"$(inherited)",
					"@executable_path/Frameworks",
					"@loader_path/Frameworks",
				);
				PRODUCT_BUNDLE_IDENTIFIER = com.mehdok.MarvelApiTestTests;
				PRODUCT_NAME = "$(TARGET_NAME)";
				SWIFT_VERSION = 5.0;
				TARGETED_DEVICE_FAMILY = "1,2";
				TEST_HOST = "$(BUILT_PRODUCTS_DIR)/MarvelApiTest.app/MarvelApiTest";
			};
			name = Release;
		};
		E5D449E7254A976C00718AEC /* Debug */ = {
			isa = XCBuildConfiguration;
			baseConfigurationReference = C5AEF6F3198C3CD5714F25C9 /* Pods-MarvelApiTest-MarvelApiTestUITests.debug.xcconfig */;
			buildSettings = {
				ALWAYS_EMBED_SWIFT_STANDARD_LIBRARIES = YES;
				CODE_SIGN_STYLE = Automatic;
				DEVELOPMENT_TEAM = Y9CYE9NBLT;
				INFOPLIST_FILE = MarvelApiTestUITests/Info.plist;
				LD_RUNPATH_SEARCH_PATHS = (
					"$(inherited)",
					"@executable_path/Frameworks",
					"@loader_path/Frameworks",
				);
				PRODUCT_BUNDLE_IDENTIFIER = com.mehdok.MarvelApiTestUITests;
				PRODUCT_NAME = "$(TARGET_NAME)";
				SWIFT_VERSION = 5.0;
				TARGETED_DEVICE_FAMILY = "1,2";
				TEST_TARGET_NAME = MarvelApiTest;
			};
			name = Debug;
		};
		E5D449E8254A976C00718AEC /* Release */ = {
			isa = XCBuildConfiguration;
			baseConfigurationReference = 49745405F1AD9D4D169AF91D /* Pods-MarvelApiTest-MarvelApiTestUITests.release.xcconfig */;
			buildSettings = {
				ALWAYS_EMBED_SWIFT_STANDARD_LIBRARIES = YES;
				CODE_SIGN_STYLE = Automatic;
				DEVELOPMENT_TEAM = Y9CYE9NBLT;
				INFOPLIST_FILE = MarvelApiTestUITests/Info.plist;
				LD_RUNPATH_SEARCH_PATHS = (
					"$(inherited)",
					"@executable_path/Frameworks",
					"@loader_path/Frameworks",
				);
				PRODUCT_BUNDLE_IDENTIFIER = com.mehdok.MarvelApiTestUITests;
				PRODUCT_NAME = "$(TARGET_NAME)";
				SWIFT_VERSION = 5.0;
				TARGETED_DEVICE_FAMILY = "1,2";
				TEST_TARGET_NAME = MarvelApiTest;
			};
			name = Release;
		};
/* End XCBuildConfiguration section */

/* Begin XCConfigurationList section */
		E5D449B1254A976B00718AEC /* Build configuration list for PBXProject "MarvelApiTest" */ = {
			isa = XCConfigurationList;
			buildConfigurations = (
				E5D449DE254A976C00718AEC /* Debug */,
				E5D449DF254A976C00718AEC /* Release */,
			);
			defaultConfigurationIsVisible = 0;
			defaultConfigurationName = Release;
		};
		E5D449E0254A976C00718AEC /* Build configuration list for PBXNativeTarget "MarvelApiTest" */ = {
			isa = XCConfigurationList;
			buildConfigurations = (
				E5D449E1254A976C00718AEC /* Debug */,
				E5D449E2254A976C00718AEC /* Release */,
			);
			defaultConfigurationIsVisible = 0;
			defaultConfigurationName = Release;
		};
		E5D449E3254A976C00718AEC /* Build configuration list for PBXNativeTarget "MarvelApiTestTests" */ = {
			isa = XCConfigurationList;
			buildConfigurations = (
				E5D449E4254A976C00718AEC /* Debug */,
				E5D449E5254A976C00718AEC /* Release */,
			);
			defaultConfigurationIsVisible = 0;
			defaultConfigurationName = Release;
		};
		E5D449E6254A976C00718AEC /* Build configuration list for PBXNativeTarget "MarvelApiTestUITests" */ = {
			isa = XCConfigurationList;
			buildConfigurations = (
				E5D449E7254A976C00718AEC /* Debug */,
				E5D449E8254A976C00718AEC /* Release */,
			);
			defaultConfigurationIsVisible = 0;
			defaultConfigurationName = Release;
		};
/* End XCConfigurationList section */
	};
	rootObject = E5D449AE254A976B00718AEC /* Project object */;
}
